
Microsoft Visual Studio Solution File, Format Version 12.00
# Visual Studio Version 17
VisualStudioVersion = 17.7.34018.315
MinimumVisualStudioVersion = 10.0.40219.1
Project("{9A19103F-16F7-4668-BE54-9A1E7A4F7556}") = "ClarityImplementation.API", "ClarityImplementation.API\ClarityImplementation.API.csproj", "{B7BD2332-F72E-4724-BAAC-92AAB151D9A4}"
EndProject
Global
	GlobalSection(SolutionConfigurationPlatforms) = preSolution
		Debug|Any CPU = Debug|Any CPU
		Release|Any CPU = Release|Any CPU
	EndGlobalSection
	GlobalSection(ProjectConfigurationPlatforms) = postSolution
		{B7BD2332-F72E-4724-BAAC-92AAB151D9A4}.Debug|Any CPU.ActiveCfg = Debug|Any CPU
		{B7BD2332-F72E-4724-BAAC-92AAB151D9A4}.Debug|Any CPU.Build.0 = Debug|Any CPU
		{B7BD2332-F72E-4724-BAAC-92AAB151D9A4}.Release|Any CPU.ActiveCfg = Release|Any CPU
		{B7BD2332-F72E-4724-BAAC-92AAB151D9A4}.Release|Any CPU.Build.0 = Release|Any CPU
	EndGlobalSection
	GlobalSection(SolutionProperties) = preSolution
		HideSolutionNode = FALSE
	EndGlobalSection
	GlobalSection(ExtensibilityGlobals) = postSolution
		SolutionGuid = {6D7C3BD4-6467-4FB7-AC8C-69A52FE35AA8}
	EndGlobalSection
EndGlobal
